// !$*UTF8*$!
{
	archiveVersion = 1;
	classes = {
	};
	objectVersion = 55;
	objects = {

/* Begin PBXBuildFile section */
		5A084F352954647C001238F3 /* AppDelegate.swift in Sources */ = {isa = PBXBuildFile; fileRef = 5A084F342954647C001238F3 /* AppDelegate.swift */; };
		5A084F372954647C001238F3 /* SceneDelegate.swift in Sources */ = {isa = PBXBuildFile; fileRef = 5A084F362954647C001238F3 /* SceneDelegate.swift */; };
		5A084F392954647C001238F3 /* ViewController.swift in Sources */ = {isa = PBXBuildFile; fileRef = 5A084F382954647C001238F3 /* ViewController.swift */; };
		5A084F3C2954647C001238F3 /* Main.storyboard in Resources */ = {isa = PBXBuildFile; fileRef = 5A084F3A2954647C001238F3 /* Main.storyboard */; };
		5A084F3E29546481001238F3 /* Assets.xcassets in Resources */ = {isa = PBXBuildFile; fileRef = 5A084F3D29546481001238F3 /* Assets.xcassets */; };
		5A084F4129546481001238F3 /* LaunchScreen.storyboard in Resources */ = {isa = PBXBuildFile; fileRef = 5A084F3F29546481001238F3 /* LaunchScreen.storyboard */; };
		5A084F4C29546481001238F3 /* SolidPrincipleTests.swift in Sources */ = {isa = PBXBuildFile; fileRef = 5A084F4B29546481001238F3 /* SolidPrincipleTests.swift */; };
		5A084F5629546481001238F3 /* SolidPrincipleUITests.swift in Sources */ = {isa = PBXBuildFile; fileRef = 5A084F5529546481001238F3 /* SolidPrincipleUITests.swift */; };
		5A084F5829546481001238F3 /* SolidPrincipleUITestsLaunchTests.swift in Sources */ = {isa = PBXBuildFile; fileRef = 5A084F5729546481001238F3 /* SolidPrincipleUITestsLaunchTests.swift */; };
		5A084F65295466A3001238F3 /* Cafe.swift in Sources */ = {isa = PBXBuildFile; fileRef = 5A084F64295466A3001238F3 /* Cafe.swift */; };
		5A084F6729546907001238F3 /* Coffee.swift in Sources */ = {isa = PBXBuildFile; fileRef = 5A084F6629546907001238F3 /* Coffee.swift */; };
		5A084F6B29546EB6001238F3 /* Addition.swift in Sources */ = {isa = PBXBuildFile; fileRef = 5A084F6A29546EB6001238F3 /* Addition.swift */; };
/* End PBXBuildFile section */

/* Begin PBXContainerItemProxy section */
		5A084F4829546481001238F3 /* PBXContainerItemProxy */ = {
			isa = PBXContainerItemProxy;
			containerPortal = 5A084F292954647C001238F3 /* Project object */;
			proxyType = 1;
			remoteGlobalIDString = 5A084F302954647C001238F3;
			remoteInfo = SolidPrinciple;
		};
		5A084F5229546481001238F3 /* PBXContainerItemProxy */ = {
			isa = PBXContainerItemProxy;
			containerPortal = 5A084F292954647C001238F3 /* Project object */;
			proxyType = 1;
			remoteGlobalIDString = 5A084F302954647C001238F3;
			remoteInfo = SolidPrinciple;
		};
/* End PBXContainerItemProxy section */

/* Begin PBXFileReference section */
		5A084F312954647C001238F3 /* SolidPrinciple.app */ = {isa = PBXFileReference; explicitFileType = wrapper.application; includeInIndex = 0; path = SolidPrinciple.app; sourceTree = BUILT_PRODUCTS_DIR; };
		5A084F342954647C001238F3 /* AppDelegate.swift */ = {isa = PBXFileReference; lastKnownFileType = sourcecode.swift; path = AppDelegate.swift; sourceTree = "<group>"; };
		5A084F362954647C001238F3 /* SceneDelegate.swift */ = {isa = PBXFileReference; lastKnownFileType = sourcecode.swift; path = SceneDelegate.swift; sourceTree = "<group>"; };
		5A084F382954647C001238F3 /* ViewController.swift */ = {isa = PBXFileReference; lastKnownFileType = sourcecode.swift; path = ViewController.swift; sourceTree = "<group>"; };
		5A084F3B2954647C001238F3 /* Base */ = {isa = PBXFileReference; lastKnownFileType = file.storyboard; name = Base; path = Base.lproj/Main.storyboard; sourceTree = "<group>"; };
		5A084F3D29546481001238F3 /* Assets.xcassets */ = {isa = PBXFileReference; lastKnownFileType = folder.assetcatalog; path = Assets.xcassets; sourceTree = "<group>"; };
		5A084F4029546481001238F3 /* Base */ = {isa = PBXFileReference; lastKnownFileType = file.storyboard; name = Base; path = Base.lproj/LaunchScreen.storyboard; sourceTree = "<group>"; };
		5A084F4229546481001238F3 /* Info.plist */ = {isa = PBXFileReference; lastKnownFileType = text.plist.xml; path = Info.plist; sourceTree = "<group>"; };
		5A084F4729546481001238F3 /* SolidPrincipleTests.xctest */ = {isa = PBXFileReference; explicitFileType = wrapper.cfbundle; includeInIndex = 0; path = SolidPrincipleTests.xctest; sourceTree = BUILT_PRODUCTS_DIR; };
		5A084F4B29546481001238F3 /* SolidPrincipleTests.swift */ = {isa = PBXFileReference; lastKnownFileType = sourcecode.swift; path = SolidPrincipleTests.swift; sourceTree = "<group>"; };
		5A084F5129546481001238F3 /* SolidPrincipleUITests.xctest */ = {isa = PBXFileReference; explicitFileType = wrapper.cfbundle; includeInIndex = 0; path = SolidPrincipleUITests.xctest; sourceTree = BUILT_PRODUCTS_DIR; };
		5A084F5529546481001238F3 /* SolidPrincipleUITests.swift */ = {isa = PBXFileReference; lastKnownFileType = sourcecode.swift; path = SolidPrincipleUITests.swift; sourceTree = "<group>"; };
		5A084F5729546481001238F3 /* SolidPrincipleUITestsLaunchTests.swift */ = {isa = PBXFileReference; lastKnownFileType = sourcecode.swift; path = SolidPrincipleUITestsLaunchTests.swift; sourceTree = "<group>"; };
		5A084F64295466A3001238F3 /* Cafe.swift */ = {isa = PBXFileReference; lastKnownFileType = sourcecode.swift; path = Cafe.swift; sourceTree = "<group>"; };
		5A084F6629546907001238F3 /* Coffee.swift */ = {isa = PBXFileReference; lastKnownFileType = sourcecode.swift; path = Coffee.swift; sourceTree = "<group>"; };
		5A084F6A29546EB6001238F3 /* Addition.swift */ = {isa = PBXFileReference; lastKnownFileType = sourcecode.swift; path = Addition.swift; sourceTree = "<group>"; };
/* End PBXFileReference section */

/* Begin PBXFrameworksBuildPhase section */
		5A084F2E2954647C001238F3 /* Frameworks */ = {
			isa = PBXFrameworksBuildPhase;
			buildActionMask = 2147483647;
			files = (
			);
			runOnlyForDeploymentPostprocessing = 0;
		};
		5A084F4429546481001238F3 /* Frameworks */ = {
			isa = PBXFrameworksBuildPhase;
			buildActionMask = 2147483647;
			files = (
			);
			runOnlyForDeploymentPostprocessing = 0;
		};
		5A084F4E29546481001238F3 /* Frameworks */ = {
			isa = PBXFrameworksBuildPhase;
			buildActionMask = 2147483647;
			files = (
			);
			runOnlyForDeploymentPostprocessing = 0;
		};
/* End PBXFrameworksBuildPhase section */

/* Begin PBXGroup section */
		5A084F282954647C001238F3 = {
			isa = PBXGroup;
			children = (
				5A084F332954647C001238F3 /* SolidPrinciple */,
				5A084F4A29546481001238F3 /* SolidPrincipleTests */,
				5A084F5429546481001238F3 /* SolidPrincipleUITests */,
				5A084F322954647C001238F3 /* Products */,
			);
			sourceTree = "<group>";
		};
		5A084F322954647C001238F3 /* Products */ = {
			isa = PBXGroup;
			children = (
				5A084F312954647C001238F3 /* SolidPrinciple.app */,
				5A084F4729546481001238F3 /* SolidPrincipleTests.xctest */,
				5A084F5129546481001238F3 /* SolidPrincipleUITests.xctest */,
			);
			name = Products;
			sourceTree = "<group>";
		};
		5A084F332954647C001238F3 /* SolidPrinciple */ = {
			isa = PBXGroup;
			children = (
				5A084F342954647C001238F3 /* AppDelegate.swift */,
				5A084F362954647C001238F3 /* SceneDelegate.swift */,
				5A084F382954647C001238F3 /* ViewController.swift */,
				5A084F6929546CD6001238F3 /* Interface Segregation  */,
				5A084F6829546B2E001238F3 /* Liskov Substitution */,
				5A084F3A2954647C001238F3 /* Main.storyboard */,
				5A084F3D29546481001238F3 /* Assets.xcassets */,
				5A084F3F29546481001238F3 /* LaunchScreen.storyboard */,
				5A084F4229546481001238F3 /* Info.plist */,
			);
			path = SolidPrinciple;
			sourceTree = "<group>";
		};
		5A084F4A29546481001238F3 /* SolidPrincipleTests */ = {
			isa = PBXGroup;
			children = (
				5A084F4B29546481001238F3 /* SolidPrincipleTests.swift */,
			);
			path = SolidPrincipleTests;
			sourceTree = "<group>";
		};
		5A084F5429546481001238F3 /* SolidPrincipleUITests */ = {
			isa = PBXGroup;
			children = (
				5A084F5529546481001238F3 /* SolidPrincipleUITests.swift */,
				5A084F5729546481001238F3 /* SolidPrincipleUITestsLaunchTests.swift */,
			);
			path = SolidPrincipleUITests;
			sourceTree = "<group>";
		};
		5A084F6829546B2E001238F3 /* Liskov Substitution */ = {
			isa = PBXGroup;
			children = (
				5A084F64295466A3001238F3 /* Cafe.swift */,
				5A084F6629546907001238F3 /* Coffee.swift */,
			);
			path = "Liskov Substitution";
			sourceTree = "<group>";
		};
		5A084F6929546CD6001238F3 /* Interface Segregation  */ = {
			isa = PBXGroup;
			children = (
				5A084F6A29546EB6001238F3 /* Addition.swift */,
			);
			path = "Interface Segregation ";
			sourceTree = "<group>";
		};
/* End PBXGroup section */

/* Begin PBXNativeTarget section */
		5A084F302954647C001238F3 /* SolidPrinciple */ = {
			isa = PBXNativeTarget;
			buildConfigurationList = 5A084F5B29546481001238F3 /* Build configuration list for PBXNativeTarget "SolidPrinciple" */;
			buildPhases = (
				5A084F2D2954647C001238F3 /* Sources */,
				5A084F2E2954647C001238F3 /* Frameworks */,
				5A084F2F2954647C001238F3 /* Resources */,
			);
			buildRules = (
			);
			dependencies = (
			);
			name = SolidPrinciple;
			productName = SolidPrinciple;
			productReference = 5A084F312954647C001238F3 /* SolidPrinciple.app */;
			productType = "com.apple.product-type.application";
		};
		5A084F4629546481001238F3 /* SolidPrincipleTests */ = {
			isa = PBXNativeTarget;
			buildConfigurationList = 5A084F5E29546481001238F3 /* Build configuration list for PBXNativeTarget "SolidPrincipleTests" */;
			buildPhases = (
				5A084F4329546481001238F3 /* Sources */,
				5A084F4429546481001238F3 /* Frameworks */,
				5A084F4529546481001238F3 /* Resources */,
			);
			buildRules = (
			);
			dependencies = (
				5A084F4929546481001238F3 /* PBXTargetDependency */,
			);
			name = SolidPrincipleTests;
			productName = SolidPrincipleTests;
			productReference = 5A084F4729546481001238F3 /* SolidPrincipleTests.xctest */;
			productType = "com.apple.product-type.bundle.unit-test";
		};
		5A084F5029546481001238F3 /* SolidPrincipleUITests */ = {
			isa = PBXNativeTarget;
			buildConfigurationList = 5A084F6129546481001238F3 /* Build configuration list for PBXNativeTarget "SolidPrincipleUITests" */;
			buildPhases = (
				5A084F4D29546481001238F3 /* Sources */,
				5A084F4E29546481001238F3 /* Frameworks */,
				5A084F4F29546481001238F3 /* Resources */,
			);
			buildRules = (
			);
			dependencies = (
				5A084F5329546481001238F3 /* PBXTargetDependency */,
			);
			name = SolidPrincipleUITests;
			productName = SolidPrincipleUITests;
			productReference = 5A084F5129546481001238F3 /* SolidPrincipleUITests.xctest */;
			productType = "com.apple.product-type.bundle.ui-testing";
		};
/* End PBXNativeTarget section */

/* Begin PBXProject section */
		5A084F292954647C001238F3 /* Project object */ = {
			isa = PBXProject;
			attributes = {
				BuildIndependentTargetsInParallel = 1;
				LastSwiftUpdateCheck = 1340;
				LastUpgradeCheck = 1340;
				TargetAttributes = {
					5A084F302954647C001238F3 = {
						CreatedOnToolsVersion = 13.4.1;
					};
					5A084F4629546481001238F3 = {
						CreatedOnToolsVersion = 13.4.1;
						TestTargetID = 5A084F302954647C001238F3;
					};
					5A084F5029546481001238F3 = {
						CreatedOnToolsVersion = 13.4.1;
						TestTargetID = 5A084F302954647C001238F3;
					};
				};
			};
			buildConfigurationList = 5A084F2C2954647C001238F3 /* Build configuration list for PBXProject "SolidPrinciple" */;
			compatibilityVersion = "Xcode 13.0";
			developmentRegion = en;
			hasScannedForEncodings = 0;
			knownRegions = (
				en,
				Base,
			);
			mainGroup = 5A084F282954647C001238F3;
			productRefGroup = 5A084F322954647C001238F3 /* Products */;
			projectDirPath = "";
			projectRoot = "";
			targets = (
				5A084F302954647C001238F3 /* SolidPrinciple */,
				5A084F4629546481001238F3 /* SolidPrincipleTests */,
				5A084F5029546481001238F3 /* SolidPrincipleUITests */,
			);
		};
/* End PBXProject section */

/* Begin PBXResourcesBuildPhase section */
		5A084F2F2954647C001238F3 /* Resources */ = {
			isa = PBXResourcesBuildPhase;
			buildActionMask = 2147483647;
			files = (
				5A084F4129546481001238F3 /* LaunchScreen.storyboard in Resources */,
				5A084F3E29546481001238F3 /* Assets.xcassets in Resources */,
				5A084F3C2954647C001238F3 /* Main.storyboard in Resources */,
			);
			runOnlyForDeploymentPostprocessing = 0;
		};
		5A084F4529546481001238F3 /* Resources */ = {
			isa = PBXResourcesBuildPhase;
			buildActionMask = 2147483647;
			files = (
			);
			runOnlyForDeploymentPostprocessing = 0;
		};
		5A084F4F29546481001238F3 /* Resources */ = {
			isa = PBXResourcesBuildPhase;
			buildActionMask = 2147483647;
			files = (
			);
			runOnlyForDeploymentPostprocessing = 0;
		};
/* End PBXResourcesBuildPhase section */

/* Begin PBXSourcesBuildPhase section */
		5A084F2D2954647C001238F3 /* Sources */ = {
			isa = PBXSourcesBuildPhase;
			buildActionMask = 2147483647;
			files = (
				5A084F65295466A3001238F3 /* Cafe.swift in Sources */,
				5A084F6B29546EB6001238F3 /* Addition.swift in Sources */,
				5A084F392954647C001238F3 /* ViewController.swift in Sources */,
				5A084F352954647C001238F3 /* AppDelegate.swift in Sources */,
				5A084F372954647C001238F3 /* SceneDelegate.swift in Sources */,
				5A084F6729546907001238F3 /* Coffee.swift in Sources */,
			);
			runOnlyForDeploymentPostprocessing = 0;
		};
		5A084F4329546481001238F3 /* Sources */ = {
			isa = PBXSourcesBuildPhase;
			buildActionMask = 2147483647;
			files = (
				5A084F4C29546481001238F3 /* SolidPrincipleTests.swift in Sources */,
			);
			runOnlyForDeploymentPostprocessing = 0;
		};
		5A084F4D29546481001238F3 /* Sources */ = {
			isa = PBXSourcesBuildPhase;
			buildActionMask = 2147483647;
			files = (
				5A084F5629546481001238F3 /* SolidPrincipleUITests.swift in Sources */,
				5A084F5829546481001238F3 /* SolidPrincipleUITestsLaunchTests.swift in Sources */,
			);
			runOnlyForDeploymentPostprocessing = 0;
		};
/* End PBXSourcesBuildPhase section */

/* Begin PBXTargetDependency section */
		5A084F4929546481001238F3 /* PBXTargetDependency */ = {
			isa = PBXTargetDependency;
			target = 5A084F302954647C001238F3 /* SolidPrinciple */;
			targetProxy = 5A084F4829546481001238F3 /* PBXContainerItemProxy */;
		};
		5A084F5329546481001238F3 /* PBXTargetDependency */ = {
			isa = PBXTargetDependency;
			target = 5A084F302954647C001238F3 /* SolidPrinciple */;
			targetProxy = 5A084F5229546481001238F3 /* PBXContainerItemProxy */;
		};
/* End PBXTargetDependency section */

/* Begin PBXVariantGroup section */
		5A084F3A2954647C001238F3 /* Main.storyboard */ = {
			isa = PBXVariantGroup;
			children = (
				5A084F3B2954647C001238F3 /* Base */,
			);
			name = Main.storyboard;
			sourceTree = "<group>";
		};
		5A084F3F29546481001238F3 /* LaunchScreen.storyboard */ = {
			isa = PBXVariantGroup;
			children = (
				5A084F4029546481001238F3 /* Base */,
			);
			name = LaunchScreen.storyboard;
			sourceTree = "<group>";
		};
/* End PBXVariantGroup section */

/* Begin XCBuildConfiguration section */
		5A084F5929546481001238F3 /* Debug */ = {
			isa = XCBuildConfiguration;
			buildSettings = {
				ALWAYS_SEARCH_USER_PATHS = NO;
				CLANG_ANALYZER_NONNULL = YES;
				CLANG_ANALYZER_NUMBER_OBJECT_CONVERSION = YES_AGGRESSIVE;
				CLANG_CXX_LANGUAGE_STANDARD = "gnu++17";
				CLANG_ENABLE_MODULES = YES;
				CLANG_ENABLE_OBJC_ARC = YES;
				CLANG_ENABLE_OBJC_WEAK = YES;
				CLANG_WARN_BLOCK_CAPTURE_AUTORELEASING = YES;
				CLANG_WARN_BOOL_CONVERSION = YES;
				CLANG_WARN_COMMA = YES;
				CLANG_WARN_CONSTANT_CONVERSION = YES;
				CLANG_WARN_DEPRECATED_OBJC_IMPLEMENTATIONS = YES;
				CLANG_WARN_DIRECT_OBJC_ISA_USAGE = YES_ERROR;
				CLANG_WARN_DOCUMENTATION_COMMENTS = YES;
				CLANG_WARN_EMPTY_BODY = YES;
				CLANG_WARN_ENUM_CONVERSION = YES;
				CLANG_WARN_INFINITE_RECURSION = YES;
				CLANG_WARN_INT_CONVERSION = YES;
				CLANG_WARN_NON_LITERAL_NULL_CONVERSION = YES;
				CLANG_WARN_OBJC_IMPLICIT_RETAIN_SELF = YES;
				CLANG_WARN_OBJC_LITERAL_CONVERSION = YES;
				CLANG_WARN_OBJC_ROOT_CLASS = YES_ERROR;
				CLANG_WARN_QUOTED_INCLUDE_IN_FRAMEWORK_HEADER = YES;
				CLANG_WARN_RANGE_LOOP_ANALYSIS = YES;
				CLANG_WARN_STRICT_PROTOTYPES = YES;
				CLANG_WARN_SUSPICIOUS_MOVE = YES;
				CLANG_WARN_UNGUARDED_AVAILABILITY = YES_AGGRESSIVE;
				CLANG_WARN_UNREACHABLE_CODE = YES;
				CLANG_WARN__DUPLICATE_METHOD_MATCH = YES;
				COPY_PHASE_STRIP = NO;
				DEBUG_INFORMATION_FORMAT = dwarf;
				ENABLE_STRICT_OBJC_MSGSEND = YES;
				ENABLE_TESTABILITY = YES;
				GCC_C_LANGUAGE_STANDARD = gnu11;
				GCC_DYNAMIC_NO_PIC = NO;
				GCC_NO_COMMON_BLOCKS = YES;
				GCC_OPTIMIZATION_LEVEL = 0;
				GCC_PREPROCESSOR_DEFINITIONS = (
					"DEBUG=1",
					"$(inherited)",
				);
				GCC_WARN_64_TO_32_BIT_CONVERSION = YES;
				GCC_WARN_ABOUT_RETURN_TYPE = YES_ERROR;
				GCC_WARN_UNDECLARED_SELECTOR = YES;
				GCC_WARN_UNINITIALIZED_AUTOS = YES_AGGRESSIVE;
				GCC_WARN_UNUSED_FUNCTION = YES;
				GCC_WARN_UNUSED_VARIABLE = YES;
				IPHONEOS_DEPLOYMENT_TARGET = 15.5;
				MTL_ENABLE_DEBUG_INFO = INCLUDE_SOURCE;
				MTL_FAST_MATH = YES;
				ONLY_ACTIVE_ARCH = YES;
				SDKROOT = iphoneos;
				SWIFT_ACTIVE_COMPILATION_CONDITIONS = DEBUG;
				SWIFT_OPTIMIZATION_LEVEL = "-Onone";
			};
			name = Debug;
		};
		5A084F5A29546481001238F3 /* Release */ = {
			isa = XCBuildConfiguration;
			buildSettings = {
				ALWAYS_SEARCH_USER_PATHS = NO;
				CLANG_ANALYZER_NONNULL = YES;
				CLANG_ANALYZER_NUMBER_OBJECT_CONVERSION = YES_AGGRESSIVE;
				CLANG_CXX_LANGUAGE_STANDARD = "gnu++17";
				CLANG_ENABLE_MODULES = YES;
				CLANG_ENABLE_OBJC_ARC = YES;
				CLANG_ENABLE_OBJC_WEAK = YES;
				CLANG_WARN_BLOCK_CAPTURE_AUTORELEASING = YES;
				CLANG_WARN_BOOL_CONVERSION = YES;
				CLANG_WARN_COMMA = YES;
				CLANG_WARN_CONSTANT_CONVERSION = YES;
				CLANG_WARN_DEPRECATED_OBJC_IMPLEMENTATIONS = YES;
				CLANG_WARN_DIRECT_OBJC_ISA_USAGE = YES_ERROR;
				CLANG_WARN_DOCUMENTATION_COMMENTS = YES;
				CLANG_WARN_EMPTY_BODY = YES;
				CLANG_WARN_ENUM_CONVERSION = YES;
				CLANG_WARN_INFINITE_RECURSION = YES;
				CLANG_WARN_INT_CONVERSION = YES;
				CLANG_WARN_NON_LITERAL_NULL_CONVERSION = YES;
				CLANG_WARN_OBJC_IMPLICIT_RETAIN_SELF = YES;
				CLANG_WARN_OBJC_LITERAL_CONVERSION = YES;
				CLANG_WARN_OBJC_ROOT_CLASS = YES_ERROR;
				CLANG_WARN_QUOTED_INCLUDE_IN_FRAMEWORK_HEADER = YES;
				CLANG_WARN_RANGE_LOOP_ANALYSIS = YES;
				CLANG_WARN_STRICT_PROTOTYPES = YES;
				CLANG_WARN_SUSPICIOUS_MOVE = YES;
				CLANG_WARN_UNGUARDED_AVAILABILITY = YES_AGGRESSIVE;
				CLANG_WARN_UNREACHABLE_CODE = YES;
				CLANG_WARN__DUPLICATE_METHOD_MATCH = YES;
				COPY_PHASE_STRIP = NO;
				DEBUG_INFORMATION_FORMAT = "dwarf-with-dsym";
				ENABLE_NS_ASSERTIONS = NO;
				ENABLE_STRICT_OBJC_MSGSEND = YES;
				GCC_C_LANGUAGE_STANDARD = gnu11;
				GCC_NO_COMMON_BLOCKS = YES;
				GCC_WARN_64_TO_32_BIT_CONVERSION = YES;
				GCC_WARN_ABOUT_RETURN_TYPE = YES_ERROR;
				GCC_WARN_UNDECLARED_SELECTOR = YES;
				GCC_WARN_UNINITIALIZED_AUTOS = YES_AGGRESSIVE;
				GCC_WARN_UNUSED_FUNCTION = YES;
				GCC_WARN_UNUSED_VARIABLE = YES;
				IPHONEOS_DEPLOYMENT_TARGET = 15.5;
				MTL_ENABLE_DEBUG_INFO = NO;
				MTL_FAST_MATH = YES;
				SDKROOT = iphoneos;
				SWIFT_COMPILATION_MODE = wholemodule;
				SWIFT_OPTIMIZATION_LEVEL = "-O";
				VALIDATE_PRODUCT = YES;
			};
			name = Release;
		};
		5A084F5C29546481001238F3 /* Debug */ = {
			isa = XCBuildConfiguration;
			buildSettings = {
				ASSETCATALOG_COMPILER_APPICON_NAME = AppIcon;
				ASSETCATALOG_COMPILER_GLOBAL_ACCENT_COLOR_NAME = AccentColor;
				CODE_SIGN_STYLE = Automatic;
				CURRENT_PROJECT_VERSION = 1;
				GENERATE_INFOPLIST_FILE = YES;
				INFOPLIST_FILE = SolidPrinciple/Info.plist;
				INFOPLIST_KEY_UIApplicationSupportsIndirectInputEvents = YES;
				INFOPLIST_KEY_UILaunchStoryboardName = LaunchScreen;
				INFOPLIST_KEY_UIMainStoryboardFile = Main;
				INFOPLIST_KEY_UISupportedInterfaceOrientations_iPad = "UIInterfaceOrientationPortrait UIInterfaceOrientationPortraitUpsideDown UIInterfaceOrientationLandscapeLeft UIInterfaceOrientationLandscapeRight";
				INFOPLIST_KEY_UISupportedInterfaceOrientations_iPhone = "UIInterfaceOrientationPortrait UIInterfaceOrientationLandscapeLeft UIInterfaceOrientationLandscapeRight";
				LD_RUNPATH_SEARCH_PATHS = (
					"$(inherited)",
					"@executable_path/Frameworks",
				);
				MARKETING_VERSION = 1.0;
				PRODUCT_BUNDLE_IDENTIFIER = com.parthi.SolidPrinciple;
				PRODUCT_NAME = "$(TARGET_NAME)";
				SWIFT_EMIT_LOC_STRINGS = YES;
				SWIFT_VERSION = 5.0;
				TARGETED_DEVICE_FAMILY = "1,2";
			};
			name = Debug;
		};
		5A084F5D29546481001238F3 /* Release */ = {
			isa = XCBuildConfiguration;
			buildSettings = {
				ASSETCATALOG_COMPILER_APPICON_NAME = AppIcon;
				ASSETCATALOG_COMPILER_GLOBAL_ACCENT_COLOR_NAME = AccentColor;
				CODE_SIGN_STYLE = Automatic;
				CURRENT_PROJECT_VERSION = 1;
				GENERATE_INFOPLIST_FILE = YES;
				INFOPLIST_FILE = SolidPrinciple/Info.plist;
				INFOPLIST_KEY_UIApplicationSupportsIndirectInputEvents = YES;
				INFOPLIST_KEY_UILaunchStoryboardName = LaunchScreen;
				INFOPLIST_KEY_UIMainStoryboardFile = Main;
				INFOPLIST_KEY_UISupportedInterfaceOrientations_iPad = "UIInterfaceOrientationPortrait UIInterfaceOrientationPortraitUpsideDown UIInterfaceOrientationLandscapeLeft UIInterfaceOrientationLandscapeRight";
				INFOPLIST_KEY_UISupportedInterfaceOrientations_iPhone = "UIInterfaceOrientationPortrait UIInterfaceOrientationLandscapeLeft UIInterfaceOrientationLandscapeRight";
				LD_RUNPATH_SEARCH_PATHS = (
					"$(inherited)",
					"@executable_path/Frameworks",
				);
				MARKETING_VERSION = 1.0;
				PRODUCT_BUNDLE_IDENTIFIER = com.parthi.SolidPrinciple;
				PRODUCT_NAME = "$(TARGET_NAME)";
				SWIFT_EMIT_LOC_STRINGS = YES;
				SWIFT_VERSION = 5.0;
				TARGETED_DEVICE_FAMILY = "1,2";
			};
			name = Release;
		};
		5A084F5F29546481001238F3 /* Debug */ = {
			isa = XCBuildConfiguration;
			buildSettings = {
				ALWAYS_EMBED_SWIFT_STANDARD_LIBRARIES = YES;
				BUNDLE_LOADER = "$(TEST_HOST)";
				CODE_SIGN_STYLE = Automatic;
				CURRENT_PROJECT_VERSION = 1;
				GENERATE_INFOPLIST_FILE = YES;
				IPHONEOS_DEPLOYMENT_TARGET = 15.5;
				MARKETING_VERSION = 1.0;
				PRODUCT_BUNDLE_IDENTIFIER = com.parthi.SolidPrincipleTests;
				PRODUCT_NAME = "$(TARGET_NAME)";
				SWIFT_EMIT_LOC_STRINGS = NO;
				SWIFT_VERSION = 5.0;
				TARGETED_DEVICE_FAMILY = "1,2";
				TEST_HOST = "$(BUILT_PRODUCTS_DIR)/SolidPrinciple.app/SolidPrinciple";
			};
			name = Debug;
		};
		5A084F6029546481001238F3 /* Release */ = {
			isa = XCBuildConfiguration;
			buildSettings = {
				ALWAYS_EMBED_SWIFT_STANDARD_LIBRARIES = YES;
				BUNDLE_LOADER = "$(TEST_HOST)";
				CODE_SIGN_STYLE = Automatic;
				CURRENT_PROJECT_VERSION = 1;
				GENERATE_INFOPLIST_FILE = YES;
				IPHONEOS_DEPLOYMENT_TARGET = 15.5;
				MARKETING_VERSION = 1.0;
				PRODUCT_BUNDLE_IDENTIFIER = com.parthi.SolidPrincipleTests;
				PRODUCT_NAME = "$(TARGET_NAME)";
				SWIFT_EMIT_LOC_STRINGS = NO;
				SWIFT_VERSION = 5.0;
				TARGETED_DEVICE_FAMILY = "1,2";
				TEST_HOST = "$(BUILT_PRODUCTS_DIR)/SolidPrinciple.app/SolidPrinciple";
			};
			name = Release;
		};
		5A084F6229546481001238F3 /* Debug */ = {
			isa = XCBuildConfiguration;
			buildSettings = {
				ALWAYS_EMBED_SWIFT_STANDARD_LIBRARIES = YES;
				CODE_SIGN_STYLE = Automatic;
				CURRENT_PROJECT_VERSION = 1;
				GENERATE_INFOPLIST_FILE = YES;
				MARKETING_VERSION = 1.0;
				PRODUCT_BUNDLE_IDENTIFIER = com.parthi.SolidPrincipleUITests;
				PRODUCT_NAME = "$(TARGET_NAME)";
				SWIFT_EMIT_LOC_STRINGS = NO;
				SWIFT_VERSION = 5.0;
				TARGETED_DEVICE_FAMILY = "1,2";
				TEST_TARGET_NAME = SolidPrinciple;
			};
			name = Debug;
		};
		5A084F6329546481001238F3 /* Release */ = {
			isa = XCBuildConfiguration;
			buildSettings = {
				ALWAYS_EMBED_SWIFT_STANDARD_LIBRARIES = YES;
				CODE_SIGN_STYLE = Automatic;
				CURRENT_PROJECT_VERSION = 1;
				GENERATE_INFOPLIST_FILE = YES;
				MARKETING_VERSION = 1.0;
				PRODUCT_BUNDLE_IDENTIFIER = com.parthi.SolidPrincipleUITests;
				PRODUCT_NAME = "$(TARGET_NAME)";
				SWIFT_EMIT_LOC_STRINGS = NO;
				SWIFT_VERSION = 5.0;
				TARGETED_DEVICE_FAMILY = "1,2";
				TEST_TARGET_NAME = SolidPrinciple;
			};
			name = Release;
		};
/* End XCBuildConfiguration section */

/* Begin XCConfigurationList section */
		5A084F2C2954647C001238F3 /* Build configuration list for PBXProject "SolidPrinciple" */ = {
			isa = XCConfigurationList;
			buildConfigurations = (
				5A084F5929546481001238F3 /* Debug */,
				5A084F5A29546481001238F3 /* Release */,
			);
			defaultConfigurationIsVisible = 0;
			defaultConfigurationName = Release;
		};
		5A084F5B29546481001238F3 /* Build configuration list for PBXNativeTarget "SolidPrinciple" */ = {
			isa = XCConfigurationList;
			buildConfigurations = (
				5A084F5C29546481001238F3 /* Debug */,
				5A084F5D29546481001238F3 /* Release */,
			);
			defaultConfigurationIsVisible = 0;
			defaultConfigurationName = Release;
		};
		5A084F5E29546481001238F3 /* Build configuration list for PBXNativeTarget "SolidPrincipleTests" */ = {
			isa = XCConfigurationList;
			buildConfigurations = (
				5A084F5F29546481001238F3 /* Debug */,
				5A084F6029546481001238F3 /* Release */,
			);
			defaultConfigurationIsVisible = 0;
			defaultConfigurationName = Release;
		};
		5A084F6129546481001238F3 /* Build configuration list for PBXNativeTarget "SolidPrincipleUITests" */ = {
			isa = XCConfigurationList;
			buildConfigurations = (
				5A084F6229546481001238F3 /* Debug */,
				5A084F6329546481001238F3 /* Release */,
			);
			defaultConfigurationIsVisible = 0;
			defaultConfigurationName = Release;
		};
/* End XCConfigurationList section */
	};
	rootObject = 5A084F292954647C001238F3 /* Project object */;
}
